
Microsoft Visual Studio Solution File, Format Version 11.00
# Visual Studio 2010
Project("{FAE04EC0-301F-11D3-BF4B-00C04F79EFBC}") = "HHTravel.Site", "HHTravel.Site\HHTravel.Site.csproj", "{718AF501-8F91-434B-A958-9A942945FEA8}"
EndProject
Project("{FAE04EC0-301F-11D3-BF4B-00C04F79EFBC}") = "HHTravel.DomainService", "HHTravel.DomainService\HHTravel.DomainService.csproj", "{09E1E6D9-138D-4F15-A938-DB5C1FB87B60}"
EndProject
Project("{FAE04EC0-301F-11D3-BF4B-00C04F79EFBC}") = "HHTravel.FlightsPlanService", "HHTravel.FlightsPlanService\HHTravel.FlightsPlanService.csproj", "{6FA84C78-8C6F-4376-B26E-1AED675D2250}"
EndProject
Project("{FAE04EC0-301F-11D3-BF4B-00C04F79EFBC}") = "HHTravel.DomainModel", "HHTravel.DomainModel\HHTravel.DomainModel.csproj", "{2B505487-72C1-4DEC-85A1-FF944CA1FF46}"
EndProject
Project("{FAE04EC0-301F-11D3-BF4B-00C04F79EFBC}") = "HHTravel.Repository", "HHTravel.Repository\HHTravel.Repository.csproj", "{59B0D0BD-9508-40D5-B9AE-E5D39B7D6EE9}"
EndProject
Project("{FAE04EC0-301F-11D3-BF4B-00C04F79EFBC}") = "HHTravel.Infrastructure", "HHTravel.Infrastructure\HHTravel.Infrastructure.csproj", "{914C84B9-B2A0-497C-9B73-4C9B6F48C2AA}"
EndProject
Project("{FAE04EC0-301F-11D3-BF4B-00C04F79EFBC}") = "HHTravel.Infrastructure.Crosscutting", "HHTravel.Infrastructure.Crosscutting\HHTravel.Infrastructure.Crosscutting.csproj", "{38830438-C575-481D-ACC1-7D123961F4DD}"
EndProject
Project("{FAE04EC0-301F-11D3-BF4B-00C04F79EFBC}") = "HHTravel.DataService", "HHTravel.DataService\HHTravel.DataService.csproj", "{5478CC2F-AAA2-4932-93DF-DA2BF3534093}"
EndProject
Project("{FAE04EC0-301F-11D3-BF4B-00C04F79EFBC}") = "CtripServices", "CtripService\CtripServices.csproj", "{8B026AA2-9B90-47EF-BE10-1D66F9224DB5}"
EndProject
Project("{F088123C-0E9E-452A-89E6-6BA2F21D5CAC}") = "HHTravel.Modeling", "HHTravel.Modeling\HHTravel.Modeling.modelproj", "{D6BD608E-C0DE-4934-B9C3-BF7A0D9B8526}"
EndProject
Project("{FAE04EC0-301F-11D3-BF4B-00C04F79EFBC}") = "HHTravel.IRepository", "HHTravel.IRepository\HHTravel.IRepository.csproj", "{7A666EBC-4E0D-43AE-8914-909592655561}"
EndProject
Project("{FAE04EC0-301F-11D3-BF4B-00C04F79EFBC}") = "HHTravel.DataAccess", "HHTravel.DataAccess\HHTravel.DataAccess.csproj", "{2811D388-AD77-4630-B1FD-D329F7666D55}"
EndProject
Project("{FAE04EC0-301F-11D3-BF4B-00C04F79EFBC}") = "HHTravel.Data.Entity", "HHTravel.Entity\HHTravel.Data.Entity.csproj", "{8ABB78F9-B800-4C3B-BAD7-60DC7EB3C6D4}"
EndProject
Project("{FAE04EC0-301F-11D3-BF4B-00C04F79EFBC}") = "HHTravel.ApplicationService", "HHTravel.ApplicationService\HHTravel.ApplicationService.csproj", "{36876F6D-A6C7-4519-8065-B265E854F385}"
EndProject
Project("{2150E333-8FDC-42A3-9474-1A3956D46DE8}") = "Tools", "Tools", "{80278CA6-ECBE-4ED8-9FE1-816F7F66EA54}"
EndProject
Project("{2150E333-8FDC-42A3-9474-1A3956D46DE8}") = "Infrastructure", "Infrastructure", "{95869BD1-2A01-42E5-8E1F-265B8155455A}"
EndProject
Project("{2150E333-8FDC-42A3-9474-1A3956D46DE8}") = "Domain", "Domain", "{A52AAD55-D19D-42EC-80D5-F784F4EAD00B}"
EndProject
Project("{2150E333-8FDC-42A3-9474-1A3956D46DE8}") = "DataAccess", "DataAccess", "{92C11861-3E6D-4BD8-86CD-4CBBE44386FF}"
EndProject
Project("{2150E333-8FDC-42A3-9474-1A3956D46DE8}") = ".nuget", ".nuget", "{863BB8B8-8598-4DE7-B6CD-9133E05487D7}"
	ProjectSection(SolutionItems) = preProject
		.nuget\NuGet.Config = .nuget\NuGet.Config
		.nuget\NuGet.exe = .nuget\NuGet.exe
		.nuget\NuGet.targets = .nuget\NuGet.targets
	EndProjectSection
EndProject
Project("{FAE04EC0-301F-11D3-BF4B-00C04F79EFBC}") = "DataValidator", "Tools\DataValidator\DataValidator.csproj", "{FE2A46F5-E212-4099-AB94-08F447DA81A7}"
EndProject
Global
	GlobalSection(SolutionConfigurationPlatforms) = preSolution
		Debug|Any CPU = Debug|Any CPU
		Release|Any CPU = Release|Any CPU
	EndGlobalSection
	GlobalSection(ProjectConfigurationPlatforms) = postSolution
		{718AF501-8F91-434B-A958-9A942945FEA8}.Debug|Any CPU.ActiveCfg = Debug|Any CPU
		{718AF501-8F91-434B-A958-9A942945FEA8}.Debug|Any CPU.Build.0 = Debug|Any CPU
		{718AF501-8F91-434B-A958-9A942945FEA8}.Release|Any CPU.ActiveCfg = Release|Any CPU
		{718AF501-8F91-434B-A958-9A942945FEA8}.Release|Any CPU.Build.0 = Release|Any CPU
		{09E1E6D9-138D-4F15-A938-DB5C1FB87B60}.Debug|Any CPU.ActiveCfg = Debug|Any CPU
		{09E1E6D9-138D-4F15-A938-DB5C1FB87B60}.Debug|Any CPU.Build.0 = Debug|Any CPU
		{09E1E6D9-138D-4F15-A938-DB5C1FB87B60}.Release|Any CPU.ActiveCfg = Release|Any CPU
		{09E1E6D9-138D-4F15-A938-DB5C1FB87B60}.Release|Any CPU.Build.0 = Release|Any CPU
		{6FA84C78-8C6F-4376-B26E-1AED675D2250}.Debug|Any CPU.ActiveCfg = Debug|Any CPU
		{6FA84C78-8C6F-4376-B26E-1AED675D2250}.Debug|Any CPU.Build.0 = Debug|Any CPU
		{6FA84C78-8C6F-4376-B26E-1AED675D2250}.Release|Any CPU.ActiveCfg = Release|Any CPU
		{6FA84C78-8C6F-4376-B26E-1AED675D2250}.Release|Any CPU.Build.0 = Release|Any CPU
		{2B505487-72C1-4DEC-85A1-FF944CA1FF46}.Debug|Any CPU.ActiveCfg = Debug|Any CPU
		{2B505487-72C1-4DEC-85A1-FF944CA1FF46}.Debug|Any CPU.Build.0 = Debug|Any CPU
		{2B505487-72C1-4DEC-85A1-FF944CA1FF46}.Release|Any CPU.ActiveCfg = Release|Any CPU
		{2B505487-72C1-4DEC-85A1-FF944CA1FF46}.Release|Any CPU.Build.0 = Release|Any CPU
		{59B0D0BD-9508-40D5-B9AE-E5D39B7D6EE9}.Debug|Any CPU.ActiveCfg = Debug|Any CPU
		{59B0D0BD-9508-40D5-B9AE-E5D39B7D6EE9}.Debug|Any CPU.Build.0 = Debug|Any CPU
		{59B0D0BD-9508-40D5-B9AE-E5D39B7D6EE9}.Release|Any CPU.ActiveCfg = Release|Any CPU
		{59B0D0BD-9508-40D5-B9AE-E5D39B7D6EE9}.Release|Any CPU.Build.0 = Release|Any CPU
		{914C84B9-B2A0-497C-9B73-4C9B6F48C2AA}.Debug|Any CPU.ActiveCfg = Debug|Any CPU
		{914C84B9-B2A0-497C-9B73-4C9B6F48C2AA}.Debug|Any CPU.Build.0 = Debug|Any CPU
		{914C84B9-B2A0-497C-9B73-4C9B6F48C2AA}.Release|Any CPU.ActiveCfg = Release|Any CPU
		{914C84B9-B2A0-497C-9B73-4C9B6F48C2AA}.Release|Any CPU.Build.0 = Release|Any CPU
		{38830438-C575-481D-ACC1-7D123961F4DD}.Debug|Any CPU.ActiveCfg = Debug|Any CPU
		{38830438-C575-481D-ACC1-7D123961F4DD}.Debug|Any CPU.Build.0 = Debug|Any CPU
		{38830438-C575-481D-ACC1-7D123961F4DD}.Release|Any CPU.ActiveCfg = Release|Any CPU
		{38830438-C575-481D-ACC1-7D123961F4DD}.Release|Any CPU.Build.0 = Release|Any CPU
		{5478CC2F-AAA2-4932-93DF-DA2BF3534093}.Debug|Any CPU.ActiveCfg = Debug|Any CPU
		{5478CC2F-AAA2-4932-93DF-DA2BF3534093}.Debug|Any CPU.Build.0 = Debug|Any CPU
		{5478CC2F-AAA2-4932-93DF-DA2BF3534093}.Release|Any CPU.ActiveCfg = Release|Any CPU
		{5478CC2F-AAA2-4932-93DF-DA2BF3534093}.Release|Any CPU.Build.0 = Release|Any CPU
		{8B026AA2-9B90-47EF-BE10-1D66F9224DB5}.Debug|Any CPU.ActiveCfg = Debug|Any CPU
		{8B026AA2-9B90-47EF-BE10-1D66F9224DB5}.Debug|Any CPU.Build.0 = Debug|Any CPU
		{8B026AA2-9B90-47EF-BE10-1D66F9224DB5}.Release|Any CPU.ActiveCfg = Release|Any CPU
		{8B026AA2-9B90-47EF-BE10-1D66F9224DB5}.Release|Any CPU.Build.0 = Release|Any CPU
		{D6BD608E-C0DE-4934-B9C3-BF7A0D9B8526}.Debug|Any CPU.ActiveCfg = Debug|Any CPU
		{D6BD608E-C0DE-4934-B9C3-BF7A0D9B8526}.Debug|Any CPU.Build.0 = Debug|Any CPU
		{D6BD608E-C0DE-4934-B9C3-BF7A0D9B8526}.Release|Any CPU.ActiveCfg = Release|Any CPU
		{D6BD608E-C0DE-4934-B9C3-BF7A0D9B8526}.Release|Any CPU.Build.0 = Release|Any CPU
		{7A666EBC-4E0D-43AE-8914-909592655561}.Debug|Any CPU.ActiveCfg = Debug|Any CPU
		{7A666EBC-4E0D-43AE-8914-909592655561}.Debug|Any CPU.Build.0 = Debug|Any CPU
		{7A666EBC-4E0D-43AE-8914-909592655561}.Release|Any CPU.ActiveCfg = Release|Any CPU
		{7A666EBC-4E0D-43AE-8914-909592655561}.Release|Any CPU.Build.0 = Release|Any CPU
		{2811D388-AD77-4630-B1FD-D329F7666D55}.Debug|Any CPU.ActiveCfg = Debug|Any CPU
		{2811D388-AD77-4630-B1FD-D329F7666D55}.Debug|Any CPU.Build.0 = Debug|Any CPU
		{2811D388-AD77-4630-B1FD-D329F7666D55}.Release|Any CPU.ActiveCfg = Release|Any CPU
		{2811D388-AD77-4630-B1FD-D329F7666D55}.Release|Any CPU.Build.0 = Release|Any CPU
		{8ABB78F9-B800-4C3B-BAD7-60DC7EB3C6D4}.Debug|Any CPU.ActiveCfg = Debug|Any CPU
		{8ABB78F9-B800-4C3B-BAD7-60DC7EB3C6D4}.Debug|Any CPU.Build.0 = Debug|Any CPU
		{8ABB78F9-B800-4C3B-BAD7-60DC7EB3C6D4}.Release|Any CPU.ActiveCfg = Release|Any CPU
		{8ABB78F9-B800-4C3B-BAD7-60DC7EB3C6D4}.Release|Any CPU.Build.0 = Release|Any CPU
		{36876F6D-A6C7-4519-8065-B265E854F385}.Debug|Any CPU.ActiveCfg = Debug|Any CPU
		{36876F6D-A6C7-4519-8065-B265E854F385}.Debug|Any CPU.Build.0 = Debug|Any CPU
		{36876F6D-A6C7-4519-8065-B265E854F385}.Release|Any CPU.ActiveCfg = Release|Any CPU
		{36876F6D-A6C7-4519-8065-B265E854F385}.Release|Any CPU.Build.0 = Release|Any CPU
		{FE2A46F5-E212-4099-AB94-08F447DA81A7}.Debug|Any CPU.ActiveCfg = Debug|Any CPU
		{FE2A46F5-E212-4099-AB94-08F447DA81A7}.Debug|Any CPU.Build.0 = Debug|Any CPU
		{FE2A46F5-E212-4099-AB94-08F447DA81A7}.Release|Any CPU.ActiveCfg = Release|Any CPU
		{FE2A46F5-E212-4099-AB94-08F447DA81A7}.Release|Any CPU.Build.0 = Release|Any CPU
	EndGlobalSection
	GlobalSection(SolutionProperties) = preSolution
		HideSolutionNode = FALSE
	EndGlobalSection
	GlobalSection(NestedProjects) = preSolution
		{2B505487-72C1-4DEC-85A1-FF944CA1FF46} = {A52AAD55-D19D-42EC-80D5-F784F4EAD00B}
		{7A666EBC-4E0D-43AE-8914-909592655561} = {A52AAD55-D19D-42EC-80D5-F784F4EAD00B}
		{09E1E6D9-138D-4F15-A938-DB5C1FB87B60} = {A52AAD55-D19D-42EC-80D5-F784F4EAD00B}
		{914C84B9-B2A0-497C-9B73-4C9B6F48C2AA} = {95869BD1-2A01-42E5-8E1F-265B8155455A}
		{38830438-C575-481D-ACC1-7D123961F4DD} = {95869BD1-2A01-42E5-8E1F-265B8155455A}
		{5478CC2F-AAA2-4932-93DF-DA2BF3534093} = {95869BD1-2A01-42E5-8E1F-265B8155455A}
		{8B026AA2-9B90-47EF-BE10-1D66F9224DB5} = {95869BD1-2A01-42E5-8E1F-265B8155455A}
		{6FA84C78-8C6F-4376-B26E-1AED675D2250} = {95869BD1-2A01-42E5-8E1F-265B8155455A}
		{2811D388-AD77-4630-B1FD-D329F7666D55} = {92C11861-3E6D-4BD8-86CD-4CBBE44386FF}
		{8ABB78F9-B800-4C3B-BAD7-60DC7EB3C6D4} = {92C11861-3E6D-4BD8-86CD-4CBBE44386FF}
		{59B0D0BD-9508-40D5-B9AE-E5D39B7D6EE9} = {92C11861-3E6D-4BD8-86CD-4CBBE44386FF}
		{FE2A46F5-E212-4099-AB94-08F447DA81A7} = {80278CA6-ECBE-4ED8-9FE1-816F7F66EA54}
	EndGlobalSection
EndGlobal
